
Microsoft Visual Studio Solution File, Format Version 12.00
# Visual Studio Version 17
VisualStudioVersion = 17.7.34024.191
MinimumVisualStudioVersion = 10.0.40219.1
Project("{FAE04EC0-301F-11D3-BF4B-00C04F79EFBC}") = "ToDoApi", "ToDoApi\ToDoApi.csproj", "{A7827128-D8D2-4659-A9D0-1EF50535A58A}"
EndProject
Project("{FAE04EC0-301F-11D3-BF4B-00C04F79EFBC}") = "ToDoMauiClient", "ToDoMauiClient\ToDoMauiClient.csproj", "{53D2D5C6-AADB-45AE-AB4D-BF7B1A6A97C1}"
EndProject
Global
	GlobalSection(SolutionConfigurationPlatforms) = preSolution
		Debug|Any CPU = Debug|Any CPU
		Release|Any CPU = Release|Any CPU
	EndGlobalSection
	GlobalSection(ProjectConfigurationPlatforms) = postSolution
		{A7827128-D8D2-4659-A9D0-1EF50535A58A}.Debug|Any CPU.ActiveCfg = Debug|Any CPU
		{A7827128-D8D2-4659-A9D0-1EF50535A58A}.Debug|Any CPU.Build.0 = Debug|Any CPU
		{A7827128-D8D2-4659-A9D0-1EF50535A58A}.Release|Any CPU.ActiveCfg = Release|Any CPU
		{A7827128-D8D2-4659-A9D0-1EF50535A58A}.Release|Any CPU.Build.0 = Release|Any CPU
		{53D2D5C6-AADB-45AE-AB4D-BF7B1A6A97C1}.Debug|Any CPU.ActiveCfg = Debug|Any CPU
		{53D2D5C6-AADB-45AE-AB4D-BF7B1A6A97C1}.Debug|Any CPU.Build.0 = Debug|Any CPU
		{53D2D5C6-AADB-45AE-AB4D-BF7B1A6A97C1}.Debug|Any CPU.Deploy.0 = Debug|Any CPU
		{53D2D5C6-AADB-45AE-AB4D-BF7B1A6A97C1}.Release|Any CPU.ActiveCfg = Release|Any CPU
		{53D2D5C6-AADB-45AE-AB4D-BF7B1A6A97C1}.Release|Any CPU.Build.0 = Release|Any CPU
		{53D2D5C6-AADB-45AE-AB4D-BF7B1A6A97C1}.Release|Any CPU.Deploy.0 = Release|Any CPU
	EndGlobalSection
	GlobalSection(SolutionProperties) = preSolution
		HideSolutionNode = FALSE
	EndGlobalSection
	GlobalSection(ExtensibilityGlobals) = postSolution
		SolutionGuid = {96FC9AC5-545A-46AF-9E11-B4684B7F3402}
	EndGlobalSection
EndGlobal
